Microsoft Visual Studio Solution File, Format Version 11.00
# Visual Studio 2010
Project("{F184B08F-C81C-45F6-A57F-5ABD9991F28F}") = "DisplayVectorElementTitle", "DisplayVectorElementTitle\DisplayVectorElementTitle.vbproj", "{80C589A2-C709-41BB-B810-1835A7C3422B}"
EndProject
Project("{F184B08F-C81C-45F6-A57F-5ABD9991F28F}") = "DisplayVectorElementTitle.Web", "DisplayVectorElementTitle.Web\DisplayVectorElementTitle.Web.vbproj", "{EC1030C4-A755-47AB-8807-E323EBD8DB86}"
EndProject
Global
	GlobalSection(SolutionConfigurationPlatforms) = preSolution
		Debug|Any CPU = Debug|Any CPU
		Release|Any CPU = Release|Any CPU
	EndGlobalSection
	GlobalSection(ProjectConfigurationPlatforms) = postSolution
		{80C589A2-C709-41BB-B810-1835A7C3422B}.Debug|Any CPU.ActiveCfg = Debug|Any CPU
		{80C589A2-C709-41BB-B810-1835A7C3422B}.Debug|Any CPU.Build.0 = Debug|Any CPU
		{80C589A2-C709-41BB-B810-1835A7C3422B}.Release|Any CPU.ActiveCfg = Release|Any CPU
		{80C589A2-C709-41BB-B810-1835A7C3422B}.Release|Any CPU.Build.0 = Release|Any CPU
		{EC1030C4-A755-47AB-8807-E323EBD8DB86}.Debug|Any CPU.ActiveCfg = Debug|Any CPU
		{EC1030C4-A755-47AB-8807-E323EBD8DB86}.Debug|Any CPU.Build.0 = Debug|Any CPU
		{EC1030C4-A755-47AB-8807-E323EBD8DB86}.Release|Any CPU.ActiveCfg = Release|Any CPU
		{EC1030C4-A755-47AB-8807-E323EBD8DB86}.Release|Any CPU.Build.0 = Release|Any CPU
	EndGlobalSection
	GlobalSection(SolutionProperties) = preSolution
		HideSolutionNode = FALSE
	EndGlobalSection
EndGlobal
